// !$*UTF8*$!
{
	archiveVersion = 1;
	classes = {
	};
	objectVersion = 56;
	objects = {

/* Begin PBXBuildFile section */
		139FAB94688678BF3CA5D76A /* Pods_GangNamWeather.framework in Frameworks */ = {isa = PBXBuildFile; fileRef = E0976DA8F7BEEA699B0A5E6A /* Pods_GangNamWeather.framework */; };
		752800302990D537004F3448 /* AppDelegate.swift in Sources */ = {isa = PBXBuildFile; fileRef = 7528002F2990D537004F3448 /* AppDelegate.swift */; };
		752800322990D537004F3448 /* SceneDelegate.swift in Sources */ = {isa = PBXBuildFile; fileRef = 752800312990D537004F3448 /* SceneDelegate.swift */; };
		752800342990D537004F3448 /* ViewController.swift in Sources */ = {isa = PBXBuildFile; fileRef = 752800332990D537004F3448 /* ViewController.swift */; };
		752800392990D539004F3448 /* Assets.xcassets in Resources */ = {isa = PBXBuildFile; fileRef = 752800382990D539004F3448 /* Assets.xcassets */; };
		7528003C2990D539004F3448 /* LaunchScreen.storyboard in Resources */ = {isa = PBXBuildFile; fileRef = 7528003A2990D539004F3448 /* LaunchScreen.storyboard */; };
		752800462990D5CC004F3448 /* NetworkError.swift in Sources */ = {isa = PBXBuildFile; fileRef = 752800452990D5CC004F3448 /* NetworkError.swift */; };
		752800482990D5D7004F3448 /* GetOpenWeather.swift in Sources */ = {isa = PBXBuildFile; fileRef = 752800472990D5D7004F3448 /* GetOpenWeather.swift */; };
		7528004A2990D64C004F3448 /* OpenWeather.swift in Sources */ = {isa = PBXBuildFile; fileRef = 752800492990D64C004F3448 /* OpenWeather.swift */; };
		7528004C2990D690004F3448 /* GangNamRoad.swift in Sources */ = {isa = PBXBuildFile; fileRef = 7528004B2990D690004F3448 /* GangNamRoad.swift */; };
/* End PBXBuildFile section */

/* Begin PBXFileReference section */
		6489934E89C8CB37191925AC /* Pods-GangNamWeather.debug.xcconfig */ = {isa = PBXFileReference; includeInIndex = 1; lastKnownFileType = text.xcconfig; name = "Pods-GangNamWeather.debug.xcconfig"; path = "Target Support Files/Pods-GangNamWeather/Pods-GangNamWeather.debug.xcconfig"; sourceTree = "<group>"; };
		7528002C2990D537004F3448 /* GangNamWeather.app */ = {isa = PBXFileReference; explicitFileType = wrapper.application; includeInIndex = 0; path = GangNamWeather.app; sourceTree = BUILT_PRODUCTS_DIR; };
		7528002F2990D537004F3448 /* AppDelegate.swift */ = {isa = PBXFileReference; lastKnownFileType = sourcecode.swift; path = AppDelegate.swift; sourceTree = "<group>"; };
		752800312990D537004F3448 /* SceneDelegate.swift */ = {isa = PBXFileReference; lastKnownFileType = sourcecode.swift; path = SceneDelegate.swift; sourceTree = "<group>"; };
		752800332990D537004F3448 /* ViewController.swift */ = {isa = PBXFileReference; lastKnownFileType = sourcecode.swift; path = ViewController.swift; sourceTree = "<group>"; };
		752800382990D539004F3448 /* Assets.xcassets */ = {isa = PBXFileReference; lastKnownFileType = folder.assetcatalog; path = Assets.xcassets; sourceTree = "<group>"; };
		7528003B2990D539004F3448 /* Base */ = {isa = PBXFileReference; lastKnownFileType = file.storyboard; name = Base; path = Base.lproj/LaunchScreen.storyboard; sourceTree = "<group>"; };
		7528003D2990D539004F3448 /* Info.plist */ = {isa = PBXFileReference; lastKnownFileType = text.plist.xml; path = Info.plist; sourceTree = "<group>"; };
		752800452990D5CC004F3448 /* NetworkError.swift */ = {isa = PBXFileReference; lastKnownFileType = sourcecode.swift; path = NetworkError.swift; sourceTree = "<group>"; };
		752800472990D5D7004F3448 /* GetOpenWeather.swift */ = {isa = PBXFileReference; lastKnownFileType = sourcecode.swift; path = GetOpenWeather.swift; sourceTree = "<group>"; };
		752800492990D64C004F3448 /* OpenWeather.swift */ = {isa = PBXFileReference; lastKnownFileType = sourcecode.swift; path = OpenWeather.swift; sourceTree = "<group>"; };
		7528004B2990D690004F3448 /* GangNamRoad.swift */ = {isa = PBXFileReference; lastKnownFileType = sourcecode.swift; path = GangNamRoad.swift; sourceTree = "<group>"; };
		E0976DA8F7BEEA699B0A5E6A /* Pods_GangNamWeather.framework */ = {isa = PBXFileReference; explicitFileType = wrapper.framework; includeInIndex = 0; path = Pods_GangNamWeather.framework; sourceTree = BUILT_PRODUCTS_DIR; };
		F887FE1EF61D17E9B3041B6A /* Pods-GangNamWeather.release.xcconfig */ = {isa = PBXFileReference; includeInIndex = 1; lastKnownFileType = text.xcconfig; name = "Pods-GangNamWeather.release.xcconfig"; path = "Target Support Files/Pods-GangNamWeather/Pods-GangNamWeather.release.xcconfig"; sourceTree = "<group>"; };
/* End PBXFileReference section */

/* Begin PBXFrameworksBuildPhase section */
		752800292990D537004F3448 /* Frameworks */ = {
			isa = PBXFrameworksBuildPhase;
			buildActionMask = 2147483647;
			files = (
				139FAB94688678BF3CA5D76A /* Pods_GangNamWeather.framework in Frameworks */,
			);
			runOnlyForDeploymentPostprocessing = 0;
		};
/* End PBXFrameworksBuildPhase section */

/* Begin PBXGroup section */
		752800232990D537004F3448 = {
			isa = PBXGroup;
			children = (
				7528002E2990D537004F3448 /* GangNamWeather */,
				7528002D2990D537004F3448 /* Products */,
				86C143E4B373B0A355FE4A85 /* Pods */,
				E387987D4A1B90D06D7810AD /* Frameworks */,
			);
			sourceTree = "<group>";
		};
		7528002D2990D537004F3448 /* Products */ = {
			isa = PBXGroup;
			children = (
				7528002C2990D537004F3448 /* GangNamWeather.app */,
			);
			name = Products;
			sourceTree = "<group>";
		};
		7528002E2990D537004F3448 /* GangNamWeather */ = {
			isa = PBXGroup;
			children = (
				752800442990D572004F3448 /* Model */,
				752800432990D56B004F3448 /* Network */,
				7528002F2990D537004F3448 /* AppDelegate.swift */,
				752800312990D537004F3448 /* SceneDelegate.swift */,
				752800332990D537004F3448 /* ViewController.swift */,
				752800382990D539004F3448 /* Assets.xcassets */,
				7528003A2990D539004F3448 /* LaunchScreen.storyboard */,
				7528003D2990D539004F3448 /* Info.plist */,
			);
			path = GangNamWeather;
			sourceTree = "<group>";
		};
		752800432990D56B004F3448 /* Network */ = {
			isa = PBXGroup;
			children = (
				752800452990D5CC004F3448 /* NetworkError.swift */,
				752800472990D5D7004F3448 /* GetOpenWeather.swift */,
			);
			path = Network;
			sourceTree = "<group>";
		};
		752800442990D572004F3448 /* Model */ = {
			isa = PBXGroup;
			children = (
				752800492990D64C004F3448 /* OpenWeather.swift */,
				7528004B2990D690004F3448 /* GangNamRoad.swift */,
			);
			path = Model;
			sourceTree = "<group>";
		};
		86C143E4B373B0A355FE4A85 /* Pods */ = {
			isa = PBXGroup;
			children = (
				6489934E89C8CB37191925AC /* Pods-GangNamWeather.debug.xcconfig */,
				F887FE1EF61D17E9B3041B6A /* Pods-GangNamWeather.release.xcconfig */,
			);
			path = Pods;
			sourceTree = "<group>";
		};
		E387987D4A1B90D06D7810AD /* Frameworks */ = {
			isa = PBXGroup;
			children = (
				E0976DA8F7BEEA699B0A5E6A /* Pods_GangNamWeather.framework */,
			);
			name = Frameworks;
			sourceTree = "<group>";
		};
/* End PBXGroup section */

/* Begin PBXNativeTarget section */
		7528002B2990D537004F3448 /* GangNamWeather */ = {
			isa = PBXNativeTarget;
			buildConfigurationList = 752800402990D539004F3448 /* Build configuration list for PBXNativeTarget "GangNamWeather" */;
			buildPhases = (
				3F820A1E7AC909112E9B7CB5 /* [CP] Check Pods Manifest.lock */,
				752800282990D537004F3448 /* Sources */,
				752800292990D537004F3448 /* Frameworks */,
				7528002A2990D537004F3448 /* Resources */,
				6B166BDD8EB97AF3F055AFBD /* [CP] Embed Pods Frameworks */,
			);
			buildRules = (
			);
			dependencies = (
			);
			name = GangNamWeather;
			productName = GangNamWeather;
			productReference = 7528002C2990D537004F3448 /* GangNamWeather.app */;
			productType = "com.apple.product-type.application";
		};
/* End PBXNativeTarget section */

/* Begin PBXProject section */
		752800242990D537004F3448 /* Project object */ = {
			isa = PBXProject;
			attributes = {
				BuildIndependentTargetsInParallel = 1;
				LastSwiftUpdateCheck = 1420;
				LastUpgradeCheck = 1420;
				TargetAttributes = {
					7528002B2990D537004F3448 = {
						CreatedOnToolsVersion = 14.2;
					};
				};
			};
			buildConfigurationList = 752800272990D537004F3448 /* Build configuration list for PBXProject "GangNamWeather" */;
			compatibilityVersion = "Xcode 14.0";
			developmentRegion = en;
			hasScannedForEncodings = 0;
			knownRegions = (
				en,
				Base,
			);
			mainGroup = 752800232990D537004F3448;
			productRefGroup = 7528002D2990D537004F3448 /* Products */;
			projectDirPath = "";
			projectRoot = "";
			targets = (
				7528002B2990D537004F3448 /* GangNamWeather */,
			);
		};
/* End PBXProject section */

/* Begin PBXResourcesBuildPhase section */
		7528002A2990D537004F3448 /* Resources */ = {
			isa = PBXResourcesBuildPhase;
			buildActionMask = 2147483647;
			files = (
				7528003C2990D539004F3448 /* LaunchScreen.storyboard in Resources */,
				752800392990D539004F3448 /* Assets.xcassets in Resources */,
			);
			runOnlyForDeploymentPostprocessing = 0;
		};
/* End PBXResourcesBuildPhase section */

/* Begin PBXShellScriptBuildPhase section */
		3F820A1E7AC909112E9B7CB5 /* [CP] Check Pods Manifest.lock */ = {
			isa = PBXShellScriptBuildPhase;
			buildActionMask = 2147483647;
			files = (
			);
			inputFileListPaths = (
			);
			inputPaths = (
				"${PODS_PODFILE_DIR_PATH}/Podfile.lock",
				"${PODS_ROOT}/Manifest.lock",
			);
			name = "[CP] Check Pods Manifest.lock";
			outputFileListPaths = (
			);
			outputPaths = (
				"$(DERIVED_FILE_DIR)/Pods-GangNamWeather-checkManifestLockResult.txt",
			);
			runOnlyForDeploymentPostprocessing = 0;
			shellPath = /bin/sh;
			shellScript = "diff \"${PODS_PODFILE_DIR_PATH}/Podfile.lock\" \"${PODS_ROOT}/Manifest.lock\" > /dev/null\nif [ $? != 0 ] ; then\n    # print error to STDERR\n    echo \"error: The sandbox is not in sync with the Podfile.lock. Run 'pod install' or update your CocoaPods installation.\" >&2\n    exit 1\nfi\n# This output is used by Xcode 'outputs' to avoid re-running this script phase.\necho \"SUCCESS\" > \"${SCRIPT_OUTPUT_FILE_0}\"\n";
			showEnvVarsInLog = 0;
		};
		6B166BDD8EB97AF3F055AFBD /* [CP] Embed Pods Frameworks */ = {
			isa = PBXShellScriptBuildPhase;
			buildActionMask = 2147483647;
			files = (
			);
			inputFileListPaths = (
				"${PODS_ROOT}/Target Support Files/Pods-GangNamWeather/Pods-GangNamWeather-frameworks-${CONFIGURATION}-input-files.xcfilelist",
			);
			name = "[CP] Embed Pods Frameworks";
			outputFileListPaths = (
				"${PODS_ROOT}/Target Support Files/Pods-GangNamWeather/Pods-GangNamWeather-frameworks-${CONFIGURATION}-output-files.xcfilelist",
			);
			runOnlyForDeploymentPostprocessing = 0;
			shellPath = /bin/sh;
			shellScript = "\"${PODS_ROOT}/Target Support Files/Pods-GangNamWeather/Pods-GangNamWeather-frameworks.sh\"\n";
			showEnvVarsInLog = 0;
		};
/* End PBXShellScriptBuildPhase section */

/* Begin PBXSourcesBuildPhase section */
		752800282990D537004F3448 /* Sources */ = {
			isa = PBXSourcesBuildPhase;
			buildActionMask = 2147483647;
			files = (
				7528004C2990D690004F3448 /* GangNamRoad.swift in Sources */,
				7528004A2990D64C004F3448 /* OpenWeather.swift in Sources */,
				752800342990D537004F3448 /* ViewController.swift in Sources */,
				752800462990D5CC004F3448 /* NetworkError.swift in Sources */,
				752800302990D537004F3448 /* AppDelegate.swift in Sources */,
				752800482990D5D7004F3448 /* GetOpenWeather.swift in Sources */,
				752800322990D537004F3448 /* SceneDelegate.swift in Sources */,
			);
			runOnlyForDeploymentPostprocessing = 0;
		};
/* End PBXSourcesBuildPhase section */

/* Begin PBXVariantGroup section */
		7528003A2990D539004F3448 /* LaunchScreen.storyboard */ = {
			isa = PBXVariantGroup;
			children = (
				7528003B2990D539004F3448 /* Base */,
			);
			name = LaunchScreen.storyboard;
			sourceTree = "<group>";
		};
/* End PBXVariantGroup section */

/* Begin XCBuildConfiguration section */
		7528003E2990D539004F3448 /* Debug */ = {
			isa = XCBuildConfiguration;
			buildSettings = {
				ALWAYS_SEARCH_USER_PATHS = NO;
				CLANG_ANALYZER_NONNULL = YES;
				CLANG_ANALYZER_NUMBER_OBJECT_CONVERSION = YES_AGGRESSIVE;
				CLANG_CXX_LANGUAGE_STANDARD = "gnu++20";
				CLANG_ENABLE_MODULES = YES;
				CLANG_ENABLE_OBJC_ARC = YES;
				CLANG_ENABLE_OBJC_WEAK = YES;
				CLANG_WARN_BLOCK_CAPTURE_AUTORELEASING = YES;
				CLANG_WARN_BOOL_CONVERSION = YES;
				CLANG_WARN_COMMA = YES;
				CLANG_WARN_CONSTANT_CONVERSION = YES;
				CLANG_WARN_DEPRECATED_OBJC_IMPLEMENTATIONS = YES;
				CLANG_WARN_DIRECT_OBJC_ISA_USAGE = YES_ERROR;
				CLANG_WARN_DOCUMENTATION_COMMENTS = YES;
				CLANG_WARN_EMPTY_BODY = YES;
				CLANG_WARN_ENUM_CONVERSION = YES;
				CLANG_WARN_INFINITE_RECURSION = YES;
				CLANG_WARN_INT_CONVERSION = YES;
				CLANG_WARN_NON_LITERAL_NULL_CONVERSION = YES;
				CLANG_WARN_OBJC_IMPLICIT_RETAIN_SELF = YES;
				CLANG_WARN_OBJC_LITERAL_CONVERSION = YES;
				CLANG_WARN_OBJC_ROOT_CLASS = YES_ERROR;
				CLANG_WARN_QUOTED_INCLUDE_IN_FRAMEWORK_HEADER = YES;
				CLANG_WARN_RANGE_LOOP_ANALYSIS = YES;
				CLANG_WARN_STRICT_PROTOTYPES = YES;
				CLANG_WARN_SUSPICIOUS_MOVE = YES;
				CLANG_WARN_UNGUARDED_AVAILABILITY = YES_AGGRESSIVE;
				CLANG_WARN_UNREACHABLE_CODE = YES;
				CLANG_WARN__DUPLICATE_METHOD_MATCH = YES;
				COPY_PHASE_STRIP = NO;
				DEBUG_INFORMATION_FORMAT = dwarf;
				ENABLE_STRICT_OBJC_MSGSEND = YES;
				ENABLE_TESTABILITY = YES;
				GCC_C_LANGUAGE_STANDARD = gnu11;
				GCC_DYNAMIC_NO_PIC = NO;
				GCC_NO_COMMON_BLOCKS = YES;
				GCC_OPTIMIZATION_LEVEL = 0;
				GCC_PREPROCESSOR_DEFINITIONS = (
					"DEBUG=1",
					"$(inherited)",
				);
				GCC_WARN_64_TO_32_BIT_CONVERSION = YES;
				GCC_WARN_ABOUT_RETURN_TYPE = YES_ERROR;
				GCC_WARN_UNDECLARED_SELECTOR = YES;
				GCC_WARN_UNINITIALIZED_AUTOS = YES_AGGRESSIVE;
				GCC_WARN_UNUSED_FUNCTION = YES;
				GCC_WARN_UNUSED_VARIABLE = YES;
				IPHONEOS_DEPLOYMENT_TARGET = 16.2;
				MTL_ENABLE_DEBUG_INFO = INCLUDE_SOURCE;
				MTL_FAST_MATH = YES;
				ONLY_ACTIVE_ARCH = YES;
				SDKROOT = iphoneos;
				SWIFT_ACTIVE_COMPILATION_CONDITIONS = DEBUG;
				SWIFT_OPTIMIZATION_LEVEL = "-Onone";
			};
			name = Debug;
		};
		7528003F2990D539004F3448 /* Release */ = {
			isa = XCBuildConfiguration;
			buildSettings = {
				ALWAYS_SEARCH_USER_PATHS = NO;
				CLANG_ANALYZER_NONNULL = YES;
				CLANG_ANALYZER_NUMBER_OBJECT_CONVERSION = YES_AGGRESSIVE;
				CLANG_CXX_LANGUAGE_STANDARD = "gnu++20";
				CLANG_ENABLE_MODULES = YES;
				CLANG_ENABLE_OBJC_ARC = YES;
				CLANG_ENABLE_OBJC_WEAK = YES;
				CLANG_WARN_BLOCK_CAPTURE_AUTORELEASING = YES;
				CLANG_WARN_BOOL_CONVERSION = YES;
				CLANG_WARN_COMMA = YES;
				CLANG_WARN_CONSTANT_CONVERSION = YES;
				CLANG_WARN_DEPRECATED_OBJC_IMPLEMENTATIONS = YES;
				CLANG_WARN_DIRECT_OBJC_ISA_USAGE = YES_ERROR;
				CLANG_WARN_DOCUMENTATION_COMMENTS = YES;
				CLANG_WARN_EMPTY_BODY = YES;
				CLANG_WARN_ENUM_CONVERSION = YES;
				CLANG_WARN_INFINITE_RECURSION = YES;
				CLANG_WARN_INT_CONVERSION = YES;
				CLANG_WARN_NON_LITERAL_NULL_CONVERSION = YES;
				CLANG_WARN_OBJC_IMPLICIT_RETAIN_SELF = YES;
				CLANG_WARN_OBJC_LITERAL_CONVERSION = YES;
				CLANG_WARN_OBJC_ROOT_CLASS = YES_ERROR;
				CLANG_WARN_QUOTED_INCLUDE_IN_FRAMEWORK_HEADER = YES;
				CLANG_WARN_RANGE_LOOP_ANALYSIS = YES;
				CLANG_WARN_STRICT_PROTOTYPES = YES;
				CLANG_WARN_SUSPICIOUS_MOVE = YES;
				CLANG_WARN_UNGUARDED_AVAILABILITY = YES_AGGRESSIVE;
				CLANG_WARN_UNREACHABLE_CODE = YES;
				CLANG_WARN__DUPLICATE_METHOD_MATCH = YES;
				COPY_PHASE_STRIP = NO;
				DEBUG_INFORMATION_FORMAT = "dwarf-with-dsym";
				ENABLE_NS_ASSERTIONS = NO;
				ENABLE_STRICT_OBJC_MSGSEND = YES;
				GCC_C_LANGUAGE_STANDARD = gnu11;
				GCC_NO_COMMON_BLOCKS = YES;
				GCC_WARN_64_TO_32_BIT_CONVERSION = YES;
				GCC_WARN_ABOUT_RETURN_TYPE = YES_ERROR;
				GCC_WARN_UNDECLARED_SELECTOR = YES;
				GCC_WARN_UNINITIALIZED_AUTOS = YES_AGGRESSIVE;
				GCC_WARN_UNUSED_FUNCTION = YES;
				GCC_WARN_UNUSED_VARIABLE = YES;
				IPHONEOS_DEPLOYMENT_TARGET = 16.2;
				MTL_ENABLE_DEBUG_INFO = NO;
				MTL_FAST_MATH = YES;
				SDKROOT = iphoneos;
				SWIFT_COMPILATION_MODE = wholemodule;
				SWIFT_OPTIMIZATION_LEVEL = "-O";
				VALIDATE_PRODUCT = YES;
			};
			name = Release;
		};
		752800412990D539004F3448 /* Debug */ = {
			isa = XCBuildConfiguration;
			baseConfigurationReference = 6489934E89C8CB37191925AC /* Pods-GangNamWeather.debug.xcconfig */;
			buildSettings = {
				ASSETCATALOG_COMPILER_APPICON_NAME = AppIcon;
				ASSETCATALOG_COMPILER_GLOBAL_ACCENT_COLOR_NAME = AccentColor;
				CODE_SIGN_STYLE = Automatic;
				CURRENT_PROJECT_VERSION = 1;
				DEVELOPMENT_TEAM = 9LAFQ24GSN;
				GENERATE_INFOPLIST_FILE = YES;
				INFOPLIST_FILE = GangNamWeather/Info.plist;
				INFOPLIST_KEY_UIApplicationSupportsIndirectInputEvents = YES;
				INFOPLIST_KEY_UILaunchStoryboardName = LaunchScreen;
				INFOPLIST_KEY_UISupportedInterfaceOrientations_iPad = "UIInterfaceOrientationPortrait UIInterfaceOrientationPortraitUpsideDown UIInterfaceOrientationLandscapeLeft UIInterfaceOrientationLandscapeRight";
				INFOPLIST_KEY_UISupportedInterfaceOrientations_iPhone = "UIInterfaceOrientationPortrait UIInterfaceOrientationLandscapeLeft UIInterfaceOrientationLandscapeRight";
				LD_RUNPATH_SEARCH_PATHS = (
					"$(inherited)",
					"@executable_path/Frameworks",
				);
				MARKETING_VERSION = 1.0;
				PRODUCT_BUNDLE_IDENTIFIER = kr.co.truen.EGLOO.GangNamWeather;
				PRODUCT_NAME = "$(TARGET_NAME)";
				SWIFT_EMIT_LOC_STRINGS = YES;
				SWIFT_VERSION = 5.0;
				TARGETED_DEVICE_FAMILY = "1,2";
			};
			name = Debug;
		};
		752800422990D539004F3448 /* Release */ = {
			isa = XCBuildConfiguration;
			baseConfigurationReference = F887FE1EF61D17E9B3041B6A /* Pods-GangNamWeather.release.xcconfig */;
			buildSettings = {
				ASSETCATALOG_COMPILER_APPICON_NAME = AppIcon;
				ASSETCATALOG_COMPILER_GLOBAL_ACCENT_COLOR_NAME = AccentColor;
				CODE_SIGN_STYLE = Automatic;
				CURRENT_PROJECT_VERSION = 1;
				DEVELOPMENT_TEAM = 9LAFQ24GSN;
				GENERATE_INFOPLIST_FILE = YES;
				INFOPLIST_FILE = GangNamWeather/Info.plist;
				INFOPLIST_KEY_UIApplicationSupportsIndirectInputEvents = YES;
				INFOPLIST_KEY_UILaunchStoryboardName = LaunchScreen;
				INFOPLIST_KEY_UISupportedInterfaceOrientations_iPad = "UIInterfaceOrientationPortrait UIInterfaceOrientationPortraitUpsideDown UIInterfaceOrientationLandscapeLeft UIInterfaceOrientationLandscapeRight";
				INFOPLIST_KEY_UISupportedInterfaceOrientations_iPhone = "UIInterfaceOrientationPortrait UIInterfaceOrientationLandscapeLeft UIInterfaceOrientationLandscapeRight";
				LD_RUNPATH_SEARCH_PATHS = (
					"$(inherited)",
					"@executable_path/Frameworks",
				);
				MARKETING_VERSION = 1.0;
				PRODUCT_BUNDLE_IDENTIFIER = kr.co.truen.EGLOO.GangNamWeather;
				PRODUCT_NAME = "$(TARGET_NAME)";
				SWIFT_EMIT_LOC_STRINGS = YES;
				SWIFT_VERSION = 5.0;
				TARGETED_DEVICE_FAMILY = "1,2";
			};
			name = Release;
		};
/* End XCBuildConfiguration section */

/* Begin XCConfigurationList section */
		752800272990D537004F3448 /* Build configuration list for PBXProject "GangNamWeather" */ = {
			isa = XCConfigurationList;
			buildConfigurations = (
				7528003E2990D539004F3448 /* Debug */,
				7528003F2990D539004F3448 /* Release */,
			);
			defaultConfigurationIsVisible = 0;
			defaultConfigurationName = Release;
		};
		752800402990D539004F3448 /* Build configuration list for PBXNativeTarget "GangNamWeather" */ = {
			isa = XCConfigurationList;
			buildConfigurations = (
				752800412990D539004F3448 /* Debug */,
				752800422990D539004F3448 /* Release */,
			);
			defaultConfigurationIsVisible = 0;
			defaultConfigurationName = Release;
		};
/* End XCConfigurationList section */
	};
	rootObject = 752800242990D537004F3448 /* Project object */;
}
